
Microsoft Visual Studio Solution File, Format Version 12.00
# Visual Studio Version 17
VisualStudioVersion = 17.7.34024.191
MinimumVisualStudioVersion = 10.0.40219.1
Project("{FAE04EC0-301F-11D3-BF4B-00C04F79EFBC}") = "P2_023", "P2_023\P2_023.csproj", "{09D597B0-218B-4E82-8B8C-F361F04A54F9}"
EndProject
Global
	GlobalSection(SolutionConfigurationPlatforms) = preSolution
		Debug|Any CPU = Debug|Any CPU
		Release|Any CPU = Release|Any CPU
	EndGlobalSection
	GlobalSection(ProjectConfigurationPlatforms) = postSolution
		{09D597B0-218B-4E82-8B8C-F361F04A54F9}.Debug|Any CPU.ActiveCfg = Debug|Any CPU
		{09D597B0-218B-4E82-8B8C-F361F04A54F9}.Debug|Any CPU.Build.0 = Debug|Any CPU
		{09D597B0-218B-4E82-8B8C-F361F04A54F9}.Release|Any CPU.ActiveCfg = Release|Any CPU
		{09D597B0-218B-4E82-8B8C-F361F04A54F9}.Release|Any CPU.Build.0 = Release|Any CPU
	EndGlobalSection
	GlobalSection(SolutionProperties) = preSolution
		HideSolutionNode = FALSE
	EndGlobalSection
	GlobalSection(ExtensibilityGlobals) = postSolution
		SolutionGuid = {A7D54A83-A836-469C-B94D-A4CDB9DD9773}
	EndGlobalSection
EndGlobal
